
Microsoft Visual Studio Solution File, Format Version 12.00
# Visual Studio Version 17
VisualStudioVersion = 17.0.32014.148
MinimumVisualStudioVersion = 10.0.40219.1
Project("{FAE04EC0-301F-11D3-BF4B-00C04F79EFBC}") = "IndianStateCensusProgram", "IndianStateCensusProgram\IndianStateCensusProgram.csproj", "{E78F2E21-A4D5-4389-9A80-1CFADA8F77E7}"
EndProject
<<<<<<< HEAD
=======
Project("{FAE04EC0-301F-11D3-BF4B-00C04F79EFBC}") = "IndianStateCensusTestProgram", "IndianStateCensusTestProgram\IndianStateCensusTestProgram.csproj", "{874839DD-10FA-42A7-82EE-AE4B4A63E584}"
EndProject
>>>>>>> UC1_LoadStateCensusCsvData
Global
	GlobalSection(SolutionConfigurationPlatforms) = preSolution
		Debug|Any CPU = Debug|Any CPU
		Release|Any CPU = Release|Any CPU
	EndGlobalSection
	GlobalSection(ProjectConfigurationPlatforms) = postSolution
		{E78F2E21-A4D5-4389-9A80-1CFADA8F77E7}.Debug|Any CPU.ActiveCfg = Debug|Any CPU
		{E78F2E21-A4D5-4389-9A80-1CFADA8F77E7}.Debug|Any CPU.Build.0 = Debug|Any CPU
		{E78F2E21-A4D5-4389-9A80-1CFADA8F77E7}.Release|Any CPU.ActiveCfg = Release|Any CPU
		{E78F2E21-A4D5-4389-9A80-1CFADA8F77E7}.Release|Any CPU.Build.0 = Release|Any CPU
<<<<<<< HEAD
=======
		{874839DD-10FA-42A7-82EE-AE4B4A63E584}.Debug|Any CPU.ActiveCfg = Debug|Any CPU
		{874839DD-10FA-42A7-82EE-AE4B4A63E584}.Debug|Any CPU.Build.0 = Debug|Any CPU
		{874839DD-10FA-42A7-82EE-AE4B4A63E584}.Release|Any CPU.ActiveCfg = Release|Any CPU
		{874839DD-10FA-42A7-82EE-AE4B4A63E584}.Release|Any CPU.Build.0 = Release|Any CPU
>>>>>>> UC1_LoadStateCensusCsvData
	EndGlobalSection
	GlobalSection(SolutionProperties) = preSolution
		HideSolutionNode = FALSE
	EndGlobalSection
	GlobalSection(ExtensibilityGlobals) = postSolution
		SolutionGuid = {B24E3E59-2111-485C-9DEB-DB697DB82250}
	EndGlobalSection
EndGlobal
